
Microsoft Visual Studio Solution File, Format Version 11.00
# Visual Studio 2010
Project("{8BC9CEB8-8B4A-11D0-8D11-00A0C91BC942}") = "Record by openClass", "Record by openClass\Record by openClass.vcxproj", "{B6350A48-29A1-42D1-95A2-C24D18A04C6B}"
EndProject
Global
	GlobalSection(SolutionConfigurationPlatforms) = preSolution
		Debug|Win32 = Debug|Win32
		Release|Win32 = Release|Win32
	EndGlobalSection
	GlobalSection(ProjectConfigurationPlatforms) = postSolution
		{B6350A48-29A1-42D1-95A2-C24D18A04C6B}.Debug|Win32.ActiveCfg = Debug|Win32
		{B6350A48-29A1-42D1-95A2-C24D18A04C6B}.Debug|Win32.Build.0 = Debug|Win32
		{B6350A48-29A1-42D1-95A2-C24D18A04C6B}.Release|Win32.ActiveCfg = Release|Win32
		{B6350A48-29A1-42D1-95A2-C24D18A04C6B}.Release|Win32.Build.0 = Release|Win32
	EndGlobalSection
	GlobalSection(SolutionProperties) = preSolution
		HideSolutionNode = FALSE
	EndGlobalSection
EndGlobal
